
Microsoft Visual Studio Solution File, Format Version 12.00
# Visual Studio 15
VisualStudioVersion = 15.0.27130.2027
MinimumVisualStudioVersion = 10.0.40219.1
Project("{DA7A21FA-8162-4350-AD77-A8D1B671F3ED}") = "update_gg_taxonomy", "update_gg_taxonomy\update_gg_taxonomy.rxproj", "{A6431CD1-09BE-4405-812C-CC4653549AB4}"
EndProject
Global
	GlobalSection(SolutionConfigurationPlatforms) = preSolution
		Debug|Any CPU = Debug|Any CPU
		Release|Any CPU = Release|Any CPU
	EndGlobalSection
	GlobalSection(ProjectConfigurationPlatforms) = postSolution
		{A6431CD1-09BE-4405-812C-CC4653549AB4}.Debug|Any CPU.ActiveCfg = Debug|Any CPU
		{A6431CD1-09BE-4405-812C-CC4653549AB4}.Debug|Any CPU.Build.0 = Debug|Any CPU
		{A6431CD1-09BE-4405-812C-CC4653549AB4}.Release|Any CPU.ActiveCfg = Release|Any CPU
		{A6431CD1-09BE-4405-812C-CC4653549AB4}.Release|Any CPU.Build.0 = Release|Any CPU
	EndGlobalSection
	GlobalSection(SolutionProperties) = preSolution
		HideSolutionNode = FALSE
	EndGlobalSection
	GlobalSection(ExtensibilityGlobals) = postSolution
		SolutionGuid = {64DA395A-FF7D-4EA9-BE69-04B9C879252E}
	EndGlobalSection
EndGlobal
